
Microsoft Visual Studio Solution File, Format Version 12.00
# Visual Studio Version 17
VisualStudioVersion = 17.4.33213.308
MinimumVisualStudioVersion = 10.0.40219.1
Project("{9A19103F-16F7-4668-BE54-9A1E7A4F7556}") = "AE.Api", "AE.Api\AE.Api.csproj", "{DE7DA63B-10D3-42DC-88AF-DF826C12D4F2}"
EndProject
Project("{9A19103F-16F7-4668-BE54-9A1E7A4F7556}") = "AE.Models", "AE.Models\AE.Models.csproj", "{005CE563-C0DB-4768-BEFE-9346E6936C81}"
EndProject
Project("{9A19103F-16F7-4668-BE54-9A1E7A4F7556}") = "AE.Repositories", "AE.Repositories\AE.Repositories.csproj", "{832A832F-23C5-48D9-A42D-FAC14F406DA1}"
EndProject
Project("{9A19103F-16F7-4668-BE54-9A1E7A4F7556}") = "AE.Domains", "AE.Domains\AE.Domains.csproj", "{DAB305A3-CD67-46B5-8DA9-D1F714E204E1}"
EndProject
Project("{FAE04EC0-301F-11D3-BF4B-00C04F79EFBC}") = "AE.Tests", "AE.Tests\AE.Tests.csproj", "{B41E20EE-E7EE-4E44-953E-E878AF1AC3D9}"
EndProject
Global
	GlobalSection(SolutionConfigurationPlatforms) = preSolution
		Debug|Any CPU = Debug|Any CPU
		Release|Any CPU = Release|Any CPU
	EndGlobalSection
	GlobalSection(ProjectConfigurationPlatforms) = postSolution
		{DE7DA63B-10D3-42DC-88AF-DF826C12D4F2}.Debug|Any CPU.ActiveCfg = Debug|Any CPU
		{DE7DA63B-10D3-42DC-88AF-DF826C12D4F2}.Debug|Any CPU.Build.0 = Debug|Any CPU
		{DE7DA63B-10D3-42DC-88AF-DF826C12D4F2}.Release|Any CPU.ActiveCfg = Release|Any CPU
		{DE7DA63B-10D3-42DC-88AF-DF826C12D4F2}.Release|Any CPU.Build.0 = Release|Any CPU
		{005CE563-C0DB-4768-BEFE-9346E6936C81}.Debug|Any CPU.ActiveCfg = Debug|Any CPU
		{005CE563-C0DB-4768-BEFE-9346E6936C81}.Debug|Any CPU.Build.0 = Debug|Any CPU
		{005CE563-C0DB-4768-BEFE-9346E6936C81}.Release|Any CPU.ActiveCfg = Release|Any CPU
		{005CE563-C0DB-4768-BEFE-9346E6936C81}.Release|Any CPU.Build.0 = Release|Any CPU
		{832A832F-23C5-48D9-A42D-FAC14F406DA1}.Debug|Any CPU.ActiveCfg = Debug|Any CPU
		{832A832F-23C5-48D9-A42D-FAC14F406DA1}.Debug|Any CPU.Build.0 = Debug|Any CPU
		{832A832F-23C5-48D9-A42D-FAC14F406DA1}.Release|Any CPU.ActiveCfg = Release|Any CPU
		{832A832F-23C5-48D9-A42D-FAC14F406DA1}.Release|Any CPU.Build.0 = Release|Any CPU
		{DAB305A3-CD67-46B5-8DA9-D1F714E204E1}.Debug|Any CPU.ActiveCfg = Debug|Any CPU
		{DAB305A3-CD67-46B5-8DA9-D1F714E204E1}.Debug|Any CPU.Build.0 = Debug|Any CPU
		{DAB305A3-CD67-46B5-8DA9-D1F714E204E1}.Release|Any CPU.ActiveCfg = Release|Any CPU
		{DAB305A3-CD67-46B5-8DA9-D1F714E204E1}.Release|Any CPU.Build.0 = Release|Any CPU
		{B41E20EE-E7EE-4E44-953E-E878AF1AC3D9}.Debug|Any CPU.ActiveCfg = Debug|Any CPU
		{B41E20EE-E7EE-4E44-953E-E878AF1AC3D9}.Debug|Any CPU.Build.0 = Debug|Any CPU
		{B41E20EE-E7EE-4E44-953E-E878AF1AC3D9}.Release|Any CPU.ActiveCfg = Release|Any CPU
		{B41E20EE-E7EE-4E44-953E-E878AF1AC3D9}.Release|Any CPU.Build.0 = Release|Any CPU
	EndGlobalSection
	GlobalSection(SolutionProperties) = preSolution
		HideSolutionNode = FALSE
	EndGlobalSection
	GlobalSection(ExtensibilityGlobals) = postSolution
		SolutionGuid = {4D478DCE-FF6B-4AB0-B396-6D9FD39036DC}
	EndGlobalSection
EndGlobal
